
Microsoft Visual Studio Solution File, Format Version 12.00
# Visual Studio Version 17
VisualStudioVersion = 17.11.35303.130
MinimumVisualStudioVersion = 10.0.40219.1
Project("{FAE04EC0-301F-11D3-BF4B-00C04F79EFBC}") = "RegistryMonitorWPF", "sometry\RegistryMonitorWPF.csproj", "{B6906C0B-AAB1-466C-90E3-939FC41FF8CB}"
EndProject
Global
	GlobalSection(SolutionConfigurationPlatforms) = preSolution
		Debug|Any CPU = Debug|Any CPU
		Release|Any CPU = Release|Any CPU
	EndGlobalSection
	GlobalSection(ProjectConfigurationPlatforms) = postSolution
		{B6906C0B-AAB1-466C-90E3-939FC41FF8CB}.Debug|Any CPU.ActiveCfg = Debug|Any CPU
		{B6906C0B-AAB1-466C-90E3-939FC41FF8CB}.Debug|Any CPU.Build.0 = Debug|Any CPU
		{B6906C0B-AAB1-466C-90E3-939FC41FF8CB}.Release|Any CPU.ActiveCfg = Release|Any CPU
		{B6906C0B-AAB1-466C-90E3-939FC41FF8CB}.Release|Any CPU.Build.0 = Release|Any CPU
	EndGlobalSection
	GlobalSection(SolutionProperties) = preSolution
		HideSolutionNode = FALSE
	EndGlobalSection
	GlobalSection(ExtensibilityGlobals) = postSolution
		SolutionGuid = {6331E1C8-CADA-4F6C-90F0-8141B5175EE1}
	EndGlobalSection
EndGlobal
